
Microsoft Visual Studio Solution File, Format Version 12.00
# Visual Studio Version 17
VisualStudioVersion = 17.13.35913.81 d17.13
MinimumVisualStudioVersion = 10.0.40219.1
Project("{FAE04EC0-301F-11D3-BF4B-00C04F79EFBC}") = "EscapeRoom", "EscapeRoom\EscapeRoom.csproj", "{3828C18B-09E2-4A36-8EFD-388131A29ED6}"
EndProject
Global
	GlobalSection(SolutionConfigurationPlatforms) = preSolution
		Debug|Any CPU = Debug|Any CPU
		Release|Any CPU = Release|Any CPU
	EndGlobalSection
	GlobalSection(ProjectConfigurationPlatforms) = postSolution
		{3828C18B-09E2-4A36-8EFD-388131A29ED6}.Debug|Any CPU.ActiveCfg = Debug|Any CPU
		{3828C18B-09E2-4A36-8EFD-388131A29ED6}.Debug|Any CPU.Build.0 = Debug|Any CPU
		{3828C18B-09E2-4A36-8EFD-388131A29ED6}.Release|Any CPU.ActiveCfg = Release|Any CPU
		{3828C18B-09E2-4A36-8EFD-388131A29ED6}.Release|Any CPU.Build.0 = Release|Any CPU
	EndGlobalSection
	GlobalSection(SolutionProperties) = preSolution
		HideSolutionNode = FALSE
	EndGlobalSection
	GlobalSection(ExtensibilityGlobals) = postSolution
		SolutionGuid = {F14AB74E-7EE0-4C9E-9AF0-2418BE8F2FD5}
	EndGlobalSection
EndGlobal
